{
  "name": "rails-watch-list",
  "lockfileVersion": 3,
  "requires": true,
  "packages": {
    "": {
      "dependencies": {
        "freekeys": "^0.0.4"
      }
    },
    "node_modules/freekeys": {
      "version": "0.0.4",
      "resolved": "https://registry.npmjs.org/freekeys/-/freekeys-0.0.4.tgz",
      "integrity": "sha512-d/pbi/vDKdohymCdeB82stq08zwxSzOIhkMfmrQFAysrCXyslF2mBNpGFPFilYpZ3a1XL+P9wtFvVmhYk1pYiw==",
      "license": "MIT"
    }
  }
}
